
Microsoft Visual Studio Solution File, Format Version 12.00
# Visual Studio 15
VisualStudioVersion = 15.0.27703.2018
MinimumVisualStudioVersion = 10.0.40219.1
Project("{F184B08F-C81C-45F6-A57F-5ABD9991F28F}") = "DynamixelSDK.NET", "DynamixelSDK.NET\DynamixelSDK.NET.vbproj", "{F3589C34-C98A-4F8C-A5BB-3FB6B37CB924}"
EndProject
Project("{F184B08F-C81C-45F6-A57F-5ABD9991F28F}") = "NetPose", "NetPose\NetPose.vbproj", "{C16DA533-B173-444F-AFED-A84810C7E5FC}"
EndProject
Project("{F184B08F-C81C-45F6-A57F-5ABD9991F28F}") = "Assemblies", "Assemblies\Assemblies.vbproj", "{9B884D9D-9F41-48CC-8EAC-BA7AA48EF92F}"
EndProject
Global
	GlobalSection(SolutionConfigurationPlatforms) = preSolution
		Debug|Any CPU = Debug|Any CPU
		Release|Any CPU = Release|Any CPU
	EndGlobalSection
	GlobalSection(ProjectConfigurationPlatforms) = postSolution
		{F3589C34-C98A-4F8C-A5BB-3FB6B37CB924}.Debug|Any CPU.ActiveCfg = Debug|Any CPU
		{F3589C34-C98A-4F8C-A5BB-3FB6B37CB924}.Debug|Any CPU.Build.0 = Debug|Any CPU
		{F3589C34-C98A-4F8C-A5BB-3FB6B37CB924}.Release|Any CPU.ActiveCfg = Release|Any CPU
		{F3589C34-C98A-4F8C-A5BB-3FB6B37CB924}.Release|Any CPU.Build.0 = Release|Any CPU
		{C16DA533-B173-444F-AFED-A84810C7E5FC}.Debug|Any CPU.ActiveCfg = Debug|Any CPU
		{C16DA533-B173-444F-AFED-A84810C7E5FC}.Debug|Any CPU.Build.0 = Debug|Any CPU
		{C16DA533-B173-444F-AFED-A84810C7E5FC}.Release|Any CPU.ActiveCfg = Release|Any CPU
		{C16DA533-B173-444F-AFED-A84810C7E5FC}.Release|Any CPU.Build.0 = Release|Any CPU
		{9B884D9D-9F41-48CC-8EAC-BA7AA48EF92F}.Debug|Any CPU.ActiveCfg = Debug|Any CPU
		{9B884D9D-9F41-48CC-8EAC-BA7AA48EF92F}.Debug|Any CPU.Build.0 = Debug|Any CPU
		{9B884D9D-9F41-48CC-8EAC-BA7AA48EF92F}.Release|Any CPU.ActiveCfg = Release|Any CPU
		{9B884D9D-9F41-48CC-8EAC-BA7AA48EF92F}.Release|Any CPU.Build.0 = Release|Any CPU
	EndGlobalSection
	GlobalSection(SolutionProperties) = preSolution
		HideSolutionNode = FALSE
	EndGlobalSection
	GlobalSection(ExtensibilityGlobals) = postSolution
		SolutionGuid = {AA79876D-2906-4E14-9FD2-E0EDAEDCDC96}
	EndGlobalSection
EndGlobal
